// !$*UTF8*$!
{
	archiveVersion = 1;
	classes = {
	};
	objectVersion = 46;
	objects = {

/* Begin PBXBuildFile section */
		A90360441ABDE8C700B1E7BD /* breadthFirstSearch.cpp in Sources */ = {isa = PBXBuildFile; fileRef = A90360271ABDE8C700B1E7BD /* breadthFirstSearch.cpp */; };
		A90360451ABDE8C700B1E7BD /* depthFirstSearch.cpp in Sources */ = {isa = PBXBuildFile; fileRef = A90360291ABDE8C700B1E7BD /* depthFirstSearch.cpp */; };
		A90360471ABDE8C700B1E7BD /* findCycleClass.cpp in Sources */ = {isa = PBXBuildFile; fileRef = A90360391ABDE8C700B1E7BD /* findCycleClass.cpp */; };
		A90360481ABDE8C700B1E7BD /* graphdb.cpp in Sources */ = {isa = PBXBuildFile; fileRef = A903603B1ABDE8C700B1E7BD /* graphdb.cpp */; };
		A90360491ABDE8C700B1E7BD /* topsortClass.cpp in Sources */ = {isa = PBXBuildFile; fileRef = A903603F1ABDE8C700B1E7BD /* topsortClass.cpp */; };
		A90C04251ABDE57B00E3B5EB /* main.cpp in Sources */ = {isa = PBXBuildFile; fileRef = A90C04241ABDE57B00E3B5EB /* main.cpp */; };
/* End PBXBuildFile section */

/* Begin PBXCopyFilesBuildPhase section */
		A90C041F1ABDE57B00E3B5EB /* CopyFiles */ = {
			isa = PBXCopyFilesBuildPhase;
			buildActionMask = 2147483647;
			dstPath = /usr/share/man/man1/;
			dstSubfolderSpec = 0;
			files = (
			);
			runOnlyForDeploymentPostprocessing = 1;
		};
/* End PBXCopyFilesBuildPhase section */

/* Begin PBXFileReference section */
		A90360271ABDE8C700B1E7BD /* breadthFirstSearch.cpp */ = {isa = PBXFileReference; fileEncoding = 4; lastKnownFileType = sourcecode.cpp.cpp; path = breadthFirstSearch.cpp; sourceTree = "<group>"; };
		A90360281ABDE8C700B1E7BD /* breadthFirstSearch.h */ = {isa = PBXFileReference; fileEncoding = 4; lastKnownFileType = sourcecode.c.h; path = breadthFirstSearch.h; sourceTree = "<group>"; };
		A90360291ABDE8C700B1E7BD /* depthFirstSearch.cpp */ = {isa = PBXFileReference; fileEncoding = 4; lastKnownFileType = sourcecode.cpp.cpp; path = depthFirstSearch.cpp; sourceTree = "<group>"; };
		A903602A1ABDE8C700B1E7BD /* depthFirstSearch.h */ = {isa = PBXFileReference; fileEncoding = 4; lastKnownFileType = sourcecode.c.h; path = depthFirstSearch.h; sourceTree = "<group>"; };
		A903602B1ABDE8C700B1E7BD /* dfsTest-BackEdge.txt */ = {isa = PBXFileReference; fileEncoding = 4; lastKnownFileType = text; path = "dfsTest-BackEdge.txt"; sourceTree = "<group>"; };
		A903602C1ABDE8C700B1E7BD /* dfsTest-CrossEdge.txt */ = {isa = PBXFileReference; fileEncoding = 4; lastKnownFileType = text; path = "dfsTest-CrossEdge.txt"; sourceTree = "<group>"; };
		A903602D1ABDE8C700B1E7BD /* dfsTest-forwardEdge.txt */ = {isa = PBXFileReference; fileEncoding = 4; lastKnownFileType = text; path = "dfsTest-forwardEdge.txt"; sourceTree = "<group>"; };
		A903602E1ABDE8C700B1E7BD /* dfsTest-tree.txt */ = {isa = PBXFileReference; fileEncoding = 4; lastKnownFileType = text; path = "dfsTest-tree.txt"; sourceTree = "<group>"; };
		A903602F1ABDE8C700B1E7BD /* dfsTest.txt */ = {isa = PBXFileReference; fileEncoding = 4; lastKnownFileType = text; path = dfsTest.txt; sourceTree = "<group>"; };
		A90360301ABDE8C700B1E7BD /* dfsTestAllCutNode.txt */ = {isa = PBXFileReference; fileEncoding = 4; lastKnownFileType = text; path = dfsTestAllCutNode.txt; sourceTree = "<group>"; };
		A90360311ABDE8C700B1E7BD /* dfsTestBridgeCutNode.txt */ = {isa = PBXFileReference; fileEncoding = 4; lastKnownFileType = text; path = dfsTestBridgeCutNode.txt; sourceTree = "<group>"; };
		A90360321ABDE8C700B1E7BD /* dfsTestRootCutNode.txt */ = {isa = PBXFileReference; fileEncoding = 4; lastKnownFileType = text; path = dfsTestRootCutNode.txt; sourceTree = "<group>"; };
		A90360351ABDE8C700B1E7BD /* Exercise5-1-G1 sortedEdgeTest.txt */ = {isa = PBXFileReference; fileEncoding = 4; lastKnownFileType = text; path = "Exercise5-1-G1 sortedEdgeTest.txt"; sourceTree = "<group>"; };
		A90360361ABDE8C700B1E7BD /* Exercise5-1-G1.txt */ = {isa = PBXFileReference; fileEncoding = 4; lastKnownFileType = text; path = "Exercise5-1-G1.txt"; sourceTree = "<group>"; };
		A90360371ABDE8C700B1E7BD /* Exercise5-1-G2.txt */ = {isa = PBXFileReference; fileEncoding = 4; lastKnownFileType = text; path = "Exercise5-1-G2.txt"; sourceTree = "<group>"; };
		A90360381ABDE8C700B1E7BD /* Exercise5-2.txt */ = {isa = PBXFileReference; fileEncoding = 4; lastKnownFileType = text; path = "Exercise5-2.txt"; sourceTree = "<group>"; };
		A90360391ABDE8C700B1E7BD /* findCycleClass.cpp */ = {isa = PBXFileReference; fileEncoding = 4; lastKnownFileType = sourcecode.cpp.cpp; path = findCycleClass.cpp; sourceTree = "<group>"; };
		A903603A1ABDE8C700B1E7BD /* findCycleClass.h */ = {isa = PBXFileReference; fileEncoding = 4; lastKnownFileType = sourcecode.c.h; path = findCycleClass.h; sourceTree = "<group>"; };
		A903603B1ABDE8C700B1E7BD /* graphdb.cpp */ = {isa = PBXFileReference; fileEncoding = 4; lastKnownFileType = sourcecode.cpp.cpp; path = graphdb.cpp; sourceTree = "<group>"; };
		A903603C1ABDE8C700B1E7BD /* graphdb.h */ = {isa = PBXFileReference; fileEncoding = 4; lastKnownFileType = sourcecode.c.h; path = graphdb.h; sourceTree = "<group>"; };
		A903603D1ABDE8C700B1E7BD /* inputdata.txt */ = {isa = PBXFileReference; fileEncoding = 4; lastKnownFileType = text; path = inputdata.txt; sourceTree = "<group>"; };
		A903603E1ABDE8C700B1E7BD /* output.txt */ = {isa = PBXFileReference; fileEncoding = 4; lastKnownFileType = text; path = output.txt; sourceTree = "<group>"; };
		A903603F1ABDE8C700B1E7BD /* topsortClass.cpp */ = {isa = PBXFileReference; fileEncoding = 4; lastKnownFileType = sourcecode.cpp.cpp; path = topsortClass.cpp; sourceTree = "<group>"; };
		A90360401ABDE8C700B1E7BD /* topsortClass.h */ = {isa = PBXFileReference; fileEncoding = 4; lastKnownFileType = sourcecode.c.h; path = topsortClass.h; sourceTree = "<group>"; };
		A90360411ABDE8C700B1E7BD /* topSortTestGABCFED.txt */ = {isa = PBXFileReference; fileEncoding = 4; lastKnownFileType = text; path = topSortTestGABCFED.txt; sourceTree = "<group>"; };
		A90360421ABDE8C700B1E7BD /* VertexPrintVisitingClass.h */ = {isa = PBXFileReference; fileEncoding = 4; lastKnownFileType = sourcecode.c.h; path = VertexPrintVisitingClass.h; sourceTree = "<group>"; };
		A90360431ABDE8C700B1E7BD /* vertexVisitingClass.h */ = {isa = PBXFileReference; fileEncoding = 4; lastKnownFileType = sourcecode.c.h; path = vertexVisitingClass.h; sourceTree = "<group>"; };
		A90C04211ABDE57B00E3B5EB /* GraphExercises */ = {isa = PBXFileReference; explicitFileType = "compiled.mach-o.executable"; includeInIndex = 0; path = GraphExercises; sourceTree = BUILT_PRODUCTS_DIR; };
		A90C04241ABDE57B00E3B5EB /* main.cpp */ = {isa = PBXFileReference; lastKnownFileType = sourcecode.cpp.cpp; path = main.cpp; sourceTree = "<group>"; };
/* End PBXFileReference section */

/* Begin PBXFrameworksBuildPhase section */
		A90C041E1ABDE57B00E3B5EB /* Frameworks */ = {
			isa = PBXFrameworksBuildPhase;
			buildActionMask = 2147483647;
			files = (
			);
			runOnlyForDeploymentPostprocessing = 0;
		};
/* End PBXFrameworksBuildPhase section */

/* Begin PBXGroup section */
		A90C04181ABDE57B00E3B5EB = {
			isa = PBXGroup;
			children = (
				A90C04231ABDE57B00E3B5EB /* GraphExercises */,
				A90C04221ABDE57B00E3B5EB /* Products */,
			);
			sourceTree = "<group>";
		};
		A90C04221ABDE57B00E3B5EB /* Products */ = {
			isa = PBXGroup;
			children = (
				A90C04211ABDE57B00E3B5EB /* GraphExercises */,
			);
			name = Products;
			sourceTree = "<group>";
		};
		A90C04231ABDE57B00E3B5EB /* GraphExercises */ = {
			isa = PBXGroup;
			children = (
				A90C04241ABDE57B00E3B5EB /* main.cpp */,
				A90360271ABDE8C700B1E7BD /* breadthFirstSearch.cpp */,
				A90360281ABDE8C700B1E7BD /* breadthFirstSearch.h */,
				A90360291ABDE8C700B1E7BD /* depthFirstSearch.cpp */,
				A903602A1ABDE8C700B1E7BD /* depthFirstSearch.h */,
				A903602B1ABDE8C700B1E7BD /* dfsTest-BackEdge.txt */,
				A903602C1ABDE8C700B1E7BD /* dfsTest-CrossEdge.txt */,
				A903602D1ABDE8C700B1E7BD /* dfsTest-forwardEdge.txt */,
				A903602E1ABDE8C700B1E7BD /* dfsTest-tree.txt */,
				A903602F1ABDE8C700B1E7BD /* dfsTest.txt */,
				A90360301ABDE8C700B1E7BD /* dfsTestAllCutNode.txt */,
				A90360311ABDE8C700B1E7BD /* dfsTestBridgeCutNode.txt */,
				A90360321ABDE8C700B1E7BD /* dfsTestRootCutNode.txt */,
				A90360351ABDE8C700B1E7BD /* Exercise5-1-G1 sortedEdgeTest.txt */,
				A90360361ABDE8C700B1E7BD /* Exercise5-1-G1.txt */,
				A90360371ABDE8C700B1E7BD /* Exercise5-1-G2.txt */,
				A90360381ABDE8C700B1E7BD /* Exercise5-2.txt */,
				A90360391ABDE8C700B1E7BD /* findCycleClass.cpp */,
				A903603A1ABDE8C700B1E7BD /* findCycleClass.h */,
				A903603B1ABDE8C700B1E7BD /* graphdb.cpp */,
				A903603C1ABDE8C700B1E7BD /* graphdb.h */,
				A903603D1ABDE8C700B1E7BD /* inputdata.txt */,
				A903603E1ABDE8C700B1E7BD /* output.txt */,
				A903603F1ABDE8C700B1E7BD /* topsortClass.cpp */,
				A90360401ABDE8C700B1E7BD /* topsortClass.h */,
				A90360411ABDE8C700B1E7BD /* topSortTestGABCFED.txt */,
				A90360421ABDE8C700B1E7BD /* VertexPrintVisitingClass.h */,
				A90360431ABDE8C700B1E7BD /* vertexVisitingClass.h */,
			);
			path = GraphExercises;
			sourceTree = "<group>";
		};
/* End PBXGroup section */

/* Begin PBXNativeTarget section */
		A90C04201ABDE57B00E3B5EB /* GraphExercises */ = {
			isa = PBXNativeTarget;
			buildConfigurationList = A90C04281ABDE57B00E3B5EB /* Build configuration list for PBXNativeTarget "GraphExercises" */;
			buildPhases = (
				A90C041D1ABDE57B00E3B5EB /* Sources */,
				A90C041E1ABDE57B00E3B5EB /* Frameworks */,
				A90C041F1ABDE57B00E3B5EB /* CopyFiles */,
			);
			buildRules = (
			);
			dependencies = (
			);
			name = GraphExercises;
			productName = GraphExercises;
			productReference = A90C04211ABDE57B00E3B5EB /* GraphExercises */;
			productType = "com.apple.product-type.tool";
		};
/* End PBXNativeTarget section */

/* Begin PBXProject section */
		A90C04191ABDE57B00E3B5EB /* Project object */ = {
			isa = PBXProject;
			attributes = {
				LastUpgradeCheck = 0620;
				ORGANIZATIONNAME = "Bill Salefski";
				TargetAttributes = {
					A90C04201ABDE57B00E3B5EB = {
						CreatedOnToolsVersion = 6.2;
					};
				};
			};
			buildConfigurationList = A90C041C1ABDE57B00E3B5EB /* Build configuration list for PBXProject "GraphExercises" */;
			compatibilityVersion = "Xcode 3.2";
			developmentRegion = English;
			hasScannedForEncodings = 0;
			knownRegions = (
				en,
			);
			mainGroup = A90C04181ABDE57B00E3B5EB;
			productRefGroup = A90C04221ABDE57B00E3B5EB /* Products */;
			projectDirPath = "";
			projectRoot = "";
			targets = (
				A90C04201ABDE57B00E3B5EB /* GraphExercises */,
			);
		};
/* End PBXProject section */

/* Begin PBXSourcesBuildPhase section */
		A90C041D1ABDE57B00E3B5EB /* Sources */ = {
			isa = PBXSourcesBuildPhase;
			buildActionMask = 2147483647;
			files = (
				A90360451ABDE8C700B1E7BD /* depthFirstSearch.cpp in Sources */,
				A90360491ABDE8C700B1E7BD /* topsortClass.cpp in Sources */,
				A90360471ABDE8C700B1E7BD /* findCycleClass.cpp in Sources */,
				A90C04251ABDE57B00E3B5EB /* main.cpp in Sources */,
				A90360481ABDE8C700B1E7BD /* graphdb.cpp in Sources */,
				A90360441ABDE8C700B1E7BD /* breadthFirstSearch.cpp in Sources */,
			);
			runOnlyForDeploymentPostprocessing = 0;
		};
/* End PBXSourcesBuildPhase section */

/* Begin XCBuildConfiguration section */
		A90C04261ABDE57B00E3B5EB /* Debug */ = {
			isa = XCBuildConfiguration;
			buildSettings = {
				ALWAYS_SEARCH_USER_PATHS = NO;
				CLANG_CXX_LANGUAGE_STANDARD = "gnu++0x";
				CLANG_CXX_LIBRARY = "libc++";
				CLANG_ENABLE_MODULES = YES;
				CLANG_ENABLE_OBJC_ARC = YES;
				CLANG_WARN_BOOL_CONVERSION = YES;
				CLANG_WARN_CONSTANT_CONVERSION = YES;
				CLANG_WARN_DIRECT_OBJC_ISA_USAGE = YES_ERROR;
				CLANG_WARN_EMPTY_BODY = YES;
				CLANG_WARN_ENUM_CONVERSION = YES;
				CLANG_WARN_INT_CONVERSION = YES;
				CLANG_WARN_OBJC_ROOT_CLASS = YES_ERROR;
				CLANG_WARN_UNREACHABLE_CODE = YES;
				CLANG_WARN__DUPLICATE_METHOD_MATCH = YES;
				COPY_PHASE_STRIP = NO;
				ENABLE_STRICT_OBJC_MSGSEND = YES;
				GCC_C_LANGUAGE_STANDARD = gnu99;
				GCC_DYNAMIC_NO_PIC = NO;
				GCC_OPTIMIZATION_LEVEL = 0;
				GCC_PREPROCESSOR_DEFINITIONS = (
					"DEBUG=1",
					"$(inherited)",
				);
				GCC_SYMBOLS_PRIVATE_EXTERN = NO;
				GCC_WARN_64_TO_32_BIT_CONVERSION = YES;
				GCC_WARN_ABOUT_RETURN_TYPE = YES_ERROR;
				GCC_WARN_UNDECLARED_SELECTOR = YES;
				GCC_WARN_UNINITIALIZED_AUTOS = YES_AGGRESSIVE;
				GCC_WARN_UNUSED_FUNCTION = YES;
				GCC_WARN_UNUSED_VARIABLE = YES;
				MACOSX_DEPLOYMENT_TARGET = 10.10;
				MTL_ENABLE_DEBUG_INFO = YES;
				ONLY_ACTIVE_ARCH = YES;
				SDKROOT = macosx;
			};
			name = Debug;
		};
		A90C04271ABDE57B00E3B5EB /* Release */ = {
			isa = XCBuildConfiguration;
			buildSettings = {
				ALWAYS_SEARCH_USER_PATHS = NO;
				CLANG_CXX_LANGUAGE_STANDARD = "gnu++0x";
				CLANG_CXX_LIBRARY = "libc++";
				CLANG_ENABLE_MODULES = YES;
				CLANG_ENABLE_OBJC_ARC = YES;
				CLANG_WARN_BOOL_CONVERSION = YES;
				CLANG_WARN_CONSTANT_CONVERSION = YES;
				CLANG_WARN_DIRECT_OBJC_ISA_USAGE = YES_ERROR;
				CLANG_WARN_EMPTY_BODY = YES;
				CLANG_WARN_ENUM_CONVERSION = YES;
				CLANG_WARN_INT_CONVERSION = YES;
				CLANG_WARN_OBJC_ROOT_CLASS = YES_ERROR;
				CLANG_WARN_UNREACHABLE_CODE = YES;
				CLANG_WARN__DUPLICATE_METHOD_MATCH = YES;
				COPY_PHASE_STRIP = NO;
				DEBUG_INFORMATION_FORMAT = "dwarf-with-dsym";
				ENABLE_NS_ASSERTIONS = NO;
				ENABLE_STRICT_OBJC_MSGSEND = YES;
				GCC_C_LANGUAGE_STANDARD = gnu99;
				GCC_WARN_64_TO_32_BIT_CONVERSION = YES;
				GCC_WARN_ABOUT_RETURN_TYPE = YES_ERROR;
				GCC_WARN_UNDECLARED_SELECTOR = YES;
				GCC_WARN_UNINITIALIZED_AUTOS = YES_AGGRESSIVE;
				GCC_WARN_UNUSED_FUNCTION = YES;
				GCC_WARN_UNUSED_VARIABLE = YES;
				MACOSX_DEPLOYMENT_TARGET = 10.10;
				MTL_ENABLE_DEBUG_INFO = NO;
				SDKROOT = macosx;
			};
			name = Release;
		};
		A90C04291ABDE57B00E3B5EB /* Debug */ = {
			isa = XCBuildConfiguration;
			buildSettings = {
				PRODUCT_NAME = "$(TARGET_NAME)";
			};
			name = Debug;
		};
		A90C042A1ABDE57B00E3B5EB /* Release */ = {
			isa = XCBuildConfiguration;
			buildSettings = {
				PRODUCT_NAME = "$(TARGET_NAME)";
			};
			name = Release;
		};
/* End XCBuildConfiguration section */

/* Begin XCConfigurationList section */
		A90C041C1ABDE57B00E3B5EB /* Build configuration list for PBXProject "GraphExercises" */ = {
			isa = XCConfigurationList;
			buildConfigurations = (
				A90C04261ABDE57B00E3B5EB /* Debug */,
				A90C04271ABDE57B00E3B5EB /* Release */,
			);
			defaultConfigurationIsVisible = 0;
			defaultConfigurationName = Release;
		};
		A90C04281ABDE57B00E3B5EB /* Build configuration list for PBXNativeTarget "GraphExercises" */ = {
			isa = XCConfigurationList;
			buildConfigurations = (
				A90C04291ABDE57B00E3B5EB /* Debug */,
				A90C042A1ABDE57B00E3B5EB /* Release */,
			);
			defaultConfigurationIsVisible = 0;
			defaultConfigurationName = Release;
		};
/* End XCConfigurationList section */
	};
	rootObject = A90C04191ABDE57B00E3B5EB /* Project object */;
}
